
Microsoft Visual Studio Solution File, Format Version 12.00
# Visual Studio 15
VisualStudioVersion = 15.0.28010.2050
MinimumVisualStudioVersion = 10.0.40219.1
Project("{FAE04EC0-301F-11D3-BF4B-00C04F79EFBC}") = "Questor", "Questor\Questor.csproj", "{D7770B7B-E02C-4571-B48F-9E7F8B4FEEE5}"
EndProject
Global
	GlobalSection(SolutionConfigurationPlatforms) = preSolution
		Debug|Any CPU = Debug|Any CPU
		Release|Any CPU = Release|Any CPU
	EndGlobalSection
	GlobalSection(ProjectConfigurationPlatforms) = postSolution
		{D7770B7B-E02C-4571-B48F-9E7F8B4FEEE5}.Debug|Any CPU.ActiveCfg = Debug|Any CPU
		{D7770B7B-E02C-4571-B48F-9E7F8B4FEEE5}.Debug|Any CPU.Build.0 = Debug|Any CPU
		{D7770B7B-E02C-4571-B48F-9E7F8B4FEEE5}.Release|Any CPU.ActiveCfg = Release|Any CPU
		{D7770B7B-E02C-4571-B48F-9E7F8B4FEEE5}.Release|Any CPU.Build.0 = Release|Any CPU
	EndGlobalSection
	GlobalSection(SolutionProperties) = preSolution
		HideSolutionNode = FALSE
	EndGlobalSection
	GlobalSection(ExtensibilityGlobals) = postSolution
		SolutionGuid = {B98BA266-03BB-4FA0-B101-1191DE6BD125}
	EndGlobalSection
EndGlobal
